# THIS IS AN AUTOGENERATED FILE. DO NOT EDIT THIS FILE DIRECTLY.
# yarn lockfile v1


"@babel/runtime-corejs3@^7.12.1":
  version "7.12.5"
  resolved "https://registry.yarnpkg.com/@babel/runtime-corejs3/-/runtime-corejs3-7.12.5.tgz#ffee91da0eb4c6dae080774e94ba606368e414f4"
  integrity sha512-roGr54CsTmNPPzZoCP1AmDXuBoNao7tnSA83TXTwt+UK5QVyh1DIJnrgYRPWKCF2flqZQXwa7Yr8v7VmLzF0YQ==
  dependencies:
    core-js-pure "^3.0.0"
    regenerator-runtime "^0.13.4"

core-js-pure@^3.0.0:
  version "3.8.1"
  resolved "https://registry.yarnpkg.com/core-js-pure/-/core-js-pure-3.8.1.tgz#23f84048f366fdfcf52d3fd1c68fec349177d119"
  integrity sha512-Se+LaxqXlVXGvmexKGPvnUIYC1jwXu1H6Pkyb3uBM5d8/NELMYCHs/4/roD7721NxrTLyv7e5nXd5/QLBO+10g==

luxon@^1.19.3:
  version "1.25.0"
  resolved "https://registry.yarnpkg.com/luxon/-/luxon-1.25.0.tgz#d86219e90bc0102c0eb299d65b2f5e95efe1fe72"
  integrity sha512-hEgLurSH8kQRjY6i4YLey+mcKVAWXbDNlZRmM6AgWDJ1cY3atl8Ztf5wEY7VBReFbmGnwQPz7KYJblL8B2k0jQ==

orga@^2.3.9:
  version "2.3.9"
  resolved "https://registry.yarnpkg.com/orga/-/orga-2.3.9.tgz#d45ba0c3fc03fe073d914698b003ad26be3a34ed"
  integrity sha512-G0X7JS2TgPuR1wc7Z+nKZHgQdhK3LVaxBGEsDFFfnSh7pBnWmi1kZkvbqqGwH9NrC/bCA+r/hyToX7VbakwMdg==
  dependencies:
    luxon "^1.19.3"
    text-kit "^2.3.8"
    xregexp "^4.3.0"

ramda@^0.27.1:
  version "0.27.1"
  resolved "https://registry.yarnpkg.com/ramda/-/ramda-0.27.1.tgz#66fc2df3ef873874ffc2da6aa8984658abacf5c9"
  integrity sha512-PgIdVpn5y5Yns8vqb8FzBUEYn98V3xcPgawAkkgj0YJ0qDsnHCiNmZYfOGMgOvoB0eWFLpYbhxUR3mxfDIMvpw==

regenerator-runtime@^0.13.4:
  version "0.13.7"
  resolved "https://registry.yarnpkg.com/regenerator-runtime/-/regenerator-runtime-0.13.7.tgz#cac2dacc8a1ea675feaabaeb8ae833898ae46f55"
  integrity sha512-a54FxoJDIr27pgf7IgeQGxmqUNYrcV338lf/6gH456HZ/PhX+5BcwHXG9ajESmwe6WRO0tAzRUrRmNONWgkrew==

sanctuary-def@0.22.0:
  version "0.22.0"
  resolved "https://registry.yarnpkg.com/sanctuary-def/-/sanctuary-def-0.22.0.tgz#f6689450cfeb6e00cd652fac29da7b30eb231287"
  integrity sha512-lywS27TfuPHzelMh6M1YWBcB//Lom4Gko/tGjKYbDPkPet1B5KplsSdjY+5sF4mwp6+PDUodsk/Y3Uskrc/ebw==
  dependencies:
    sanctuary-either "2.1.0"
    sanctuary-show "2.0.0"
    sanctuary-type-classes "12.1.0"
    sanctuary-type-identifiers "3.0.0"

sanctuary-either@2.1.0:
  version "2.1.0"
  resolved "https://registry.yarnpkg.com/sanctuary-either/-/sanctuary-either-2.1.0.tgz#ccbea2ff8243902e99d6e00b3f7e3055bc954e3a"
  integrity sha512-AsQCma2yGAVS7Dlxme/09NZWQfcXBNylVmkuvarp8uOe9otSwClOgQyyePN2OxO4hTf3Au1Ck4ggm+97Je06kA==
  dependencies:
    sanctuary-show "2.0.0"
    sanctuary-type-classes "12.1.0"

sanctuary-maybe@2.1.0:
  version "2.1.0"
  resolved "https://registry.yarnpkg.com/sanctuary-maybe/-/sanctuary-maybe-2.1.0.tgz#3ae6e35b5c5c72cc75fe0626b67a74abc4e68d91"
  integrity sha512-xCmvaEkYaIz5klWUrsgvgORKTL3bVYxATp7HyGBY0ZCu9tHJtSYDTpwnqMkRknHFIU986Kr2M/dJdiFvuc6UCQ==
  dependencies:
    sanctuary-show "2.0.0"
    sanctuary-type-classes "12.1.0"

sanctuary-pair@2.1.0:
  version "2.1.0"
  resolved "https://registry.yarnpkg.com/sanctuary-pair/-/sanctuary-pair-2.1.0.tgz#fe788dc95d164709c846e865049585cdd2fc8277"
  integrity sha512-yY1JzzIJ/Ex7rjN8NmQLB7yv6GVzNeaMvxoYSW8w1ReLQI0n2sGOVCnAVipZuCv7wmfd+BavSXp59rklJeYytw==
  dependencies:
    sanctuary-show "2.0.0"
    sanctuary-type-classes "12.1.0"

sanctuary-show@2.0.0:
  version "2.0.0"
  resolved "https://registry.yarnpkg.com/sanctuary-show/-/sanctuary-show-2.0.0.tgz#2326b4744f4b0f993f18ca56a29f68a50f514637"
  integrity sha512-REj4ZiioUXnDLj6EpJ9HcYDIEGaEexmB9Fg5o6InZR9f0x5PfnnC21QeU9SZ9E7G8zXSZPNjy8VRUK4safbesw==

sanctuary-type-classes@12.1.0:
  version "12.1.0"
  resolved "https://registry.yarnpkg.com/sanctuary-type-classes/-/sanctuary-type-classes-12.1.0.tgz#2d1457f678cb621bcda64fe537f5d07da5556c3a"
  integrity sha512-oWP071Q88dEgJwxHLZp8tc7DoS+mWmYhYOuhP85zznPpIxV1ZjJfyRvcR59YCazyFxyFeBif7bJx1giLhDZW0Q==
  dependencies:
    sanctuary-type-identifiers "3.0.0"

sanctuary-type-identifiers@3.0.0:
  version "3.0.0"
  resolved "https://registry.yarnpkg.com/sanctuary-type-identifiers/-/sanctuary-type-identifiers-3.0.0.tgz#51cb488d2ed9f194946a64ffe2b41dd49a348c0b"
  integrity sha512-YFXYcG0Ura1dSPd/1xLYtE2XAWUEsBHhMTZvYBOvwT8MeFQwdUOCMm2DC+r94z6H93FVq0qxDac8/D7QpJj6Mg==

sanctuary@^3.1.0:
  version "3.1.0"
  resolved "https://registry.yarnpkg.com/sanctuary/-/sanctuary-3.1.0.tgz#2a03f02483eb9a22013130ae9ed7d2f9d432a542"
  integrity sha512-yTpWmslb5Q2jXcHYeIfCzJksIpe3pngBaFBDpjdPXONWyVSB3hBVDZZ8EmitohaMZqjLB+JREeEL0YOVtdxILA==
  dependencies:
    sanctuary-def "0.22.0"
    sanctuary-either "2.1.0"
    sanctuary-maybe "2.1.0"
    sanctuary-pair "2.1.0"
    sanctuary-show "2.0.0"
    sanctuary-type-classes "12.1.0"
    sanctuary-type-identifiers "3.0.0"

text-kit@^2.3.8:
  version "2.3.8"
  resolved "https://registry.yarnpkg.com/text-kit/-/text-kit-2.3.8.tgz#7945ec75fe13fcea2104c5d51368f64614e3d57c"
  integrity sha512-FTBE6SlXm/XF9TRoPyHYdGqlegEcCz4NaznWjztVMzckqnf4w9aVQDdqIQwc5TfZRC54IcJN5CjqQqRy1GHNDg==

xregexp@^4.3.0:
  version "4.4.1"
  resolved "https://registry.yarnpkg.com/xregexp/-/xregexp-4.4.1.tgz#c84a88fa79e9ab18ca543959712094492185fe65"
  integrity sha512-2u9HwfadaJaY9zHtRRnH6BY6CQVNQKkYm3oLtC9gJXXzfsbACg5X5e4EZZGVAH+YIfa+QA9lsFQTTe3HURF3ag==
  dependencies:
    "@babel/runtime-corejs3" "^7.12.1"
